{
  "name": "chinesetopinyin",
  "version": "1.0.0",
  "lockfileVersion": 2,
  "requires": true,
  "packages": {
    "": {
      "name": "chinesetopinyin",
      "version": "1.0.0",
      "license": "ISC",
      "dependencies": {
        "pinyin-pro": "^3.13.1"
      }
    },
    "node_modules/pinyin-pro": {
      "version": "3.13.1",
      "resolved": "https://registry.npmjs.org/pinyin-pro/-/pinyin-pro-3.13.1.tgz",
      "integrity": "sha512-40mx64fuNWApC8FbW9xOu2hMDNBAPsYVYI29lx3vjMB94H8klF71r+zveC5x5bRy2nct7w4ZvD0DlglrmZX0vw=="
    }
  },
  "dependencies": {
    "pinyin-pro": {
      "version": "3.13.1",
      "resolved": "https://registry.npmjs.org/pinyin-pro/-/pinyin-pro-3.13.1.tgz",
      "integrity": "sha512-40mx64fuNWApC8FbW9xOu2hMDNBAPsYVYI29lx3vjMB94H8klF71r+zveC5x5bRy2nct7w4ZvD0DlglrmZX0vw=="
    }
  }
}
